
Microsoft Visual Studio Solution File, Format Version 12.00
# Visual Studio 15
VisualStudioVersion = 15.0.27130.0
MinimumVisualStudioVersion = 10.0.40219.1
Project("{911E67C6-3D85-4FCE-B560-20A9C3E3FF48}") = "Raytracer", "build\Raytracer.exe", "{10D20040-0DF4-479A-AF8A-25104D0ADF1E}"
	ProjectSection(DebuggerProjectSystem) = preProject
		PortSupplier = 00000000-0000-0000-0000-000000000000
		Executable = C:\Users\Denis\Documents\Programming\cpp\Raytracer\build\Raytracer.exe
		RemoteMachine = DESKTOP-ITMA3KM
		StartingDirectory = C:\Users\Denis\Documents\Programming\cpp\Raytracer\data\
		Arguments = 
		Environment = Default
		LaunchingEngine = 00000000-0000-0000-0000-000000000000
		UseLegacyDebugEngines = No
		LaunchSQLEngine = No
		AttachLaunchAction = No
	EndProjectSection
EndProject
Global
	GlobalSection(SolutionConfigurationPlatforms) = preSolution
		Release|x64 = Release|x64
	EndGlobalSection
	GlobalSection(ProjectConfigurationPlatforms) = postSolution
		{10D20040-0DF4-479A-AF8A-25104D0ADF1E}.Release|x64.ActiveCfg = Release|x64
	EndGlobalSection
	GlobalSection(SolutionProperties) = preSolution
		HideSolutionNode = FALSE
	EndGlobalSection
	GlobalSection(ExtensibilityGlobals) = postSolution
		SolutionGuid = {56DFCD8F-B235-48AC-965D-102117D56E79}
	EndGlobalSection
EndGlobal
